{
  "nodes": {
    "flakeNimbleLib": {
      "inputs": {
        "nixpkgs": [
          "nixpkgs"
        ]
      },
      "locked": {
        "lastModified": 1662018438,
        "narHash": "sha256-QtNtU6+LX3Wokxf0zlFwKTFOcn6TeDjKQZ+DA9OYtvM=",
        "owner": "riinr",
        "repo": "nim-flakes-lib",
        "rev": "b1fe8340736e3a85d25c709ac3dfd82a55c03cbf",
        "type": "github"
      },
      "original": {
        "owner": "riinr",
        "ref": "master",
        "repo": "nim-flakes-lib",
        "type": "github"
      }
    },
    "nixpkgs": {
      "locked": {
        "lastModified": 1667199707,
        "narHash": "sha256-I2Js3Y7gUyVSEXPULHlBoRek4Lh85vnevdS6mdvDNLI=",
        "owner": "NixOS",
        "repo": "nixpkgs",
        "rev": "ced197be72099edcfa68ebed8b87af7b04851f45",
        "type": "github"
      },
      "original": {
        "id": "nixpkgs",
        "type": "indirect"
      }
    },
    "nobject-main": {
      "inputs": {
        "flakeNimbleLib": [
          "flakeNimbleLib"
        ],
        "nixpkgs": [
          "nixpkgs"
        ],
        "src-nobject-main": "src-nobject-main"
      },
      "locked": {
        "dir": "main",
        "lastModified": 1667322528,
        "narHash": "sha256-Pt23Z9Nm+23AMfVv3OfsvJprcrgpZQSp0jd8nkZIo8k=",
        "owner": "nim-nix-pkgs",
        "repo": "nobject",
        "rev": "59c6de10d1e356ad444e4425967d592a3c42c3e8",
        "type": "github"
      },
      "original": {
        "dir": "main",
        "owner": "nim-nix-pkgs",
        "ref": "master",
        "repo": "nobject",
        "type": "github"
      }
    },
    "root": {
      "inputs": {
        "flakeNimbleLib": "flakeNimbleLib",
        "nixpkgs": "nixpkgs",
        "nobject-main": "nobject-main"
      }
    },
    "src-nobject-main": {
      "flake": false,
      "locked": {
        "lastModified": 1611676512,
        "narHash": "sha256-FqAz3ZEwe1suHKnvTjToQnvhjOh3KtekC5Y1BBD8GWE=",
        "owner": "Carpall",
        "repo": "nobject",
        "rev": "75883b7074f7ccad27d041b7c9def73660607a08",
        "type": "github"
      },
      "original": {
        "owner": "Carpall",
        "ref": "refs/heads/main",
        "repo": "nobject",
        "type": "github"
      }
    }
  },
  "root": "root",
  "version": 7
}
